
Microsoft Visual Studio Solution File, Format Version 12.00
# Visual Studio Version 17
VisualStudioVersion = 17.7.34202.233
MinimumVisualStudioVersion = 10.0.40219.1
Project("{FAE04EC0-301F-11D3-BF4B-00C04F79EFBC}") = "Booking.com", "Booking.com.csproj", "{7FF02E8A-37BA-4BE4-B811-463ADD7C4B38}"
EndProject
Global
	GlobalSection(SolutionConfigurationPlatforms) = preSolution
		Debug|Any CPU = Debug|Any CPU
		Release|Any CPU = Release|Any CPU
	EndGlobalSection
	GlobalSection(ProjectConfigurationPlatforms) = postSolution
		{7FF02E8A-37BA-4BE4-B811-463ADD7C4B38}.Debug|Any CPU.ActiveCfg = Debug|Any CPU
		{7FF02E8A-37BA-4BE4-B811-463ADD7C4B38}.Debug|Any CPU.Build.0 = Debug|Any CPU
		{7FF02E8A-37BA-4BE4-B811-463ADD7C4B38}.Release|Any CPU.ActiveCfg = Release|Any CPU
		{7FF02E8A-37BA-4BE4-B811-463ADD7C4B38}.Release|Any CPU.Build.0 = Release|Any CPU
	EndGlobalSection
	GlobalSection(SolutionProperties) = preSolution
		HideSolutionNode = FALSE
	EndGlobalSection
	GlobalSection(ExtensibilityGlobals) = postSolution
		SolutionGuid = {F6C961ED-A29E-4B0C-9B8B-FDE8AFBD8F89}
	EndGlobalSection
EndGlobal
